{
  "version": 4,
  "terraform_version": "1.14.6",
  "serial": 7,
  "lineage": "515be62c-677e-f10c-0704-923dd2da375e",
  "outputs": {
    "vm_ids": {
      "value": [
        "4207fc46-f7a5-db75-ccd1-3a022fb874a1",
        "420766fd-ecd6-b3f2-3400-48efc07a2941"
      ],
      "type": [
        "tuple",
        [
          "string",
          "string"
        ]
      ]
    },
    "vm_names": {
      "value": [
        "NewVM1",
        "NewVM9"
      ],
      "type": [
        "tuple",
        [
          "string",
          "string"
        ]
      ]
    }
  },
  "resources": [
    {
      "mode": "data",
      "type": "vsphere_compute_cluster",
      "name": "cluster",
      "provider": "provider[\"registry.terraform.io/vmware/vsphere\"]",
      "instances": [
        {
          "schema_version": 0,
          "attributes": {
            "datacenter_id": "datacenter-2",
            "id": "domain-c661",
            "name": "MNS",
            "resource_pool_id": "resgroup-662"
          },
          "sensitive_attributes": [],
          "identity_schema_version": 0
        }
      ]
    },
    {
      "mode": "data",
      "type": "vsphere_datacenter",
      "name": "dc",
      "provider": "provider[\"registry.terraform.io/vmware/vsphere\"]",
      "instances": [
        {
          "schema_version": 0,
          "attributes": {
            "id": "datacenter-2",
            "name": "MNS",
            "virtual_machines": [
              "AnsibleNinja",
              "Anubis-dev",
              "Ascender-Install",
              "BookWriter",
              "CIQ-Partner-Ascender-Template",
              "CIQ-Partner-Proxy",
              "CIQ-Partner-Rocky8-Template",
              "CIQ-Partner-Rocky9-Template",
              "CIQ-PartnerPortal",
              "CIS-Partner-Ascender",
              "Cacti-Ascender",
              "Cacti-Blocker",
              "Cacti-Cacti",
              "Cacti-Docs",
              "Cacti-Docs-Old",
              "Cacti-Downloads",
              "Cacti-Forums",
              "Cacti-ForumsDB",
              "Cacti-ForumsDB-old",
              "Cacti-LB",
              "Cacti-Mail",
              "Cacti-Management",
              "Cacti-Poller1",
              "Cacti-Prod",
              "Cacti-Translations",
              "Cacti-Weblate-Production",
              "Cacti-Website (old)",
              "Cacti-WindowsInstaller",
              "Cacti-WindowsServer",
              "Cacti-WindowsTest",
              "CentOS8",
              "CentOS8v",
              "Centos7Template",
              "Dance-DB1",
              "Dance-LB1",
              "Dance-Puppet",
              "Dance-Web1",
              "Database",
              "Greg-3cx",
              "Greg-BGP",
              "Greg-BGP-CHR-Bry",
              "Greg-BGP-CHR-Hou",
              "Greg-CHR-Dude",
              "Greg-DB",
              "Greg-LL-ansible",
              "Greg-LL-rocky9-01",
              "Greg-Mgmt",
              "Greg-OLD",
              "Greg-Ticketing",
              "Greg-Web",
              "Greg-Web-rocky9",
              "Greg-arista-veos-1",
              "Greg-ascender2",
              "Greg-ascendertest9",
              "Greg-bridge-repo-notification",
              "Greg-cardiocandy",
              "Greg-email-relay",
              "Greg-netbox",
              "Greg-netxms1",
              "Greg-nexus9k1",
              "Greg-nexus9k1-new-lab",
              "Greg-nexus9k2",
              "Greg-nexus9k3",
              "Greg-port-control",
              "Greg-terraform",
              "Greg-win-iis-openssh",
              "Greg-workshop-network-test",
              "JC-Book-Proxy",
              "JC-Books",
              "JC-Cacti",
              "JC-Cacti-Build",
              "JC-Cacti-Dev",
              "JC-Carbonio",
              "JC-Converter2",
              "JC-S40V",
              "Lab-Ascender",
              "Lab-Gitea",
              "MediaProxy",
              "ModSecurity",
              "NewVM9",
              "RHEL8.0_Template",
              "RHEL8.1_Template",
              "RHEL9.6Base-Subscribed",
              "Rocky-Repo",
              "Rocky8",
              "Rocky8.6",
              "Rocky9",
              "VCenter8",
              "Veeam",
              "Websites",
              "Win2016-rdp",
              "Windows2012Template",
              "Windows2012Template2",
              "Windows2016",
              "aap2.6-rhel9-container",
              "aap2.6-rhel9-container-clone",
              "cyb-gs-terraria",
              "cyb-jumphost",
              "cyb-lms01",
              "cyb-phms",
              "cyb-plex2",
              "cyb-proto2",
              "cyb-proto3",
              "cyb-vweb02",
              "cyb-vweb04",
              "cyb-vweb06",
              "dns1.gregsowell.com",
              "eFa",
              "ee-builder",
              "fp-app-01",
              "fp-web-01",
              "gameserver3",
              "nexus9k-temp10.0.50.26",
              "node01",
              "rhel7.3Template",
              "tacos1",
              "tpadlskjdlsfkj",
              "vCLS-3ed458e7-0cfa-4d7e-8ba2-a51c02b910d7",
              "vCLS-4c4c4544-0059-4610-8053-b6c04f325732",
              "vCLS-823288ba-eb7d-46f6-8f29-cdfe2339e317",
              "vCLS-c915c52c-00dd-4112-ac81-ae7682659d2e",
              "vweb01",
              "vweb03",
              "workshop-network-template"
            ]
          },
          "sensitive_attributes": [],
          "identity_schema_version": 0
        }
      ]
    },
    {
      "mode": "data",
      "type": "vsphere_datastore",
      "name": "ds",
      "provider": "provider[\"registry.terraform.io/vmware/vsphere\"]",
      "instances": [
        {
          "schema_version": 0,
          "attributes": {
            "datacenter_id": "datacenter-2",
            "id": "datastore-665",
            "name": "SSD",
            "stats": {
              "capacity": "2624907649024",
              "free": "830353473536"
            }
          },
          "sensitive_attributes": [],
          "identity_schema_version": 0
        }
      ]
    },
    {
      "mode": "data",
      "type": "vsphere_network",
      "name": "networks",
      "provider": "provider[\"registry.terraform.io/vmware/vsphere\"]",
      "instances": [
        {
          "index_key": "NewVM1",
          "schema_version": 0,
          "attributes": {
            "datacenter_id": "datacenter-2",
            "distributed_virtual_switch_uuid": null,
            "filter": null,
            "id": "dvportgroup-102835",
            "name": "Greg",
            "retry_interval": 500,
            "retry_timeout": 0,
            "type": "DistributedVirtualPortgroup",
            "vpc_id": null
          },
          "sensitive_attributes": [],
          "identity_schema_version": 0
        },
        {
          "index_key": "NewVM9",
          "schema_version": 0,
          "attributes": {
            "datacenter_id": "datacenter-2",
            "distributed_virtual_switch_uuid": null,
            "filter": null,
            "id": "dvportgroup-102835",
            "name": "Greg",
            "retry_interval": 500,
            "retry_timeout": 0,
            "type": "DistributedVirtualPortgroup",
            "vpc_id": null
          },
          "sensitive_attributes": [],
          "identity_schema_version": 0
        }
      ]
    },
    {
      "mode": "data",
      "type": "vsphere_virtual_machine",
      "name": "templates",
      "provider": "provider[\"registry.terraform.io/vmware/vsphere\"]",
      "instances": [
        {
          "index_key": "NewVM1",
          "schema_version": 0,
          "attributes": {
            "alternate_guest_name": "",
            "annotation": "",
            "boot_delay": 0,
            "boot_retry_delay": 10000,
            "boot_retry_enabled": false,
            "change_version": "2023-06-26T16:27:25.462332Z",
            "cpu_hot_add_enabled": false,
            "cpu_hot_remove_enabled": false,
            "cpu_limit": -1,
            "cpu_performance_counters_enabled": false,
            "cpu_reservation": 0,
            "cpu_share_count": 2000,
            "cpu_share_level": "normal",
            "datacenter_id": "datacenter-2",
            "default_ip_address": null,
            "disks": [
              {
                "eagerly_scrub": false,
                "label": "Hard disk 1",
                "size": 32,
                "thin_provisioned": true,
                "unit_number": 0
              }
            ],
            "efi_secure_boot_enabled": true,
            "enable_disk_uuid": false,
            "enable_logging": true,
            "ept_rvi_mode": "automatic",
            "extra_config": {},
            "extra_config_reboot_required": true,
            "firmware": "efi",
            "folder": null,
            "guest_id": "rhel8_64Guest",
            "guest_ip_addresses": [],
            "hardware_version": 14,
            "hv_mode": "hvAuto",
            "id": "42079a51-3fc3-a8f9-5a0d-09491c323476",
            "ide_controller_scan_count": 2,
            "instance_uuid": "50073f47-0731-df34-2f48-8fbf7bbb5175",
            "latency_sensitivity": "normal",
            "memory": 4096,
            "memory_hot_add_enabled": false,
            "memory_limit": -1,
            "memory_reservation": 0,
            "memory_reservation_locked_to_max": false,
            "memory_share_count": 40960,
            "memory_share_level": "normal",
            "moid": "vm-91114",
            "name": "Rocky9",
            "nested_hv_enabled": false,
            "network_interface_types": [
              "vmxnet3"
            ],
            "network_interfaces": [
              {
                "adapter_type": "vmxnet3",
                "bandwidth_limit": -1,
                "bandwidth_reservation": 0,
                "bandwidth_share_count": 50,
                "bandwidth_share_level": "normal",
                "mac_address": "00:50:56:87:ee:6b",
                "network_id": "dvportgroup-102834",
                "physical_function": ""
              }
            ],
            "num_cores_per_socket": 1,
            "num_cpus": 2,
            "nvme_controller_scan_count": 1,
            "replace_trigger": null,
            "run_tools_scripts_after_power_on": true,
            "run_tools_scripts_after_resume": true,
            "run_tools_scripts_before_guest_reboot": false,
            "run_tools_scripts_before_guest_shutdown": true,
            "run_tools_scripts_before_guest_standby": true,
            "sata_controller_scan_count": 0,
            "scsi_bus_sharing": "noSharing",
            "scsi_controller_scan_count": 1,
            "scsi_type": "pvscsi",
            "storage_policy_id": null,
            "swap_placement_policy": "inherit",
            "sync_time_with_host": false,
            "sync_time_with_host_periodically": false,
            "tools_upgrade_policy": "manual",
            "uuid": "42079a51-3fc3-a8f9-5a0d-09491c323476",
            "vapp": null,
            "vapp_transport": [],
            "vbs_enabled": false,
            "vtpm": false,
            "vvtd_enabled": false
          },
          "sensitive_attributes": [],
          "identity_schema_version": 0
        },
        {
          "index_key": "NewVM9",
          "schema_version": 0,
          "attributes": {
            "alternate_guest_name": "",
            "annotation": "",
            "boot_delay": 0,
            "boot_retry_delay": 10000,
            "boot_retry_enabled": false,
            "change_version": "2023-06-26T16:27:25.462332Z",
            "cpu_hot_add_enabled": false,
            "cpu_hot_remove_enabled": false,
            "cpu_limit": -1,
            "cpu_performance_counters_enabled": false,
            "cpu_reservation": 0,
            "cpu_share_count": 2000,
            "cpu_share_level": "normal",
            "datacenter_id": "datacenter-2",
            "default_ip_address": null,
            "disks": [
              {
                "eagerly_scrub": false,
                "label": "Hard disk 1",
                "size": 32,
                "thin_provisioned": true,
                "unit_number": 0
              }
            ],
            "efi_secure_boot_enabled": true,
            "enable_disk_uuid": false,
            "enable_logging": true,
            "ept_rvi_mode": "automatic",
            "extra_config": {},
            "extra_config_reboot_required": true,
            "firmware": "efi",
            "folder": null,
            "guest_id": "rhel8_64Guest",
            "guest_ip_addresses": [],
            "hardware_version": 14,
            "hv_mode": "hvAuto",
            "id": "42079a51-3fc3-a8f9-5a0d-09491c323476",
            "ide_controller_scan_count": 2,
            "instance_uuid": "50073f47-0731-df34-2f48-8fbf7bbb5175",
            "latency_sensitivity": "normal",
            "memory": 4096,
            "memory_hot_add_enabled": false,
            "memory_limit": -1,
            "memory_reservation": 0,
            "memory_reservation_locked_to_max": false,
            "memory_share_count": 40960,
            "memory_share_level": "normal",
            "moid": "vm-91114",
            "name": "Rocky9",
            "nested_hv_enabled": false,
            "network_interface_types": [
              "vmxnet3"
            ],
            "network_interfaces": [
              {
                "adapter_type": "vmxnet3",
                "bandwidth_limit": -1,
                "bandwidth_reservation": 0,
                "bandwidth_share_count": 50,
                "bandwidth_share_level": "normal",
                "mac_address": "00:50:56:87:ee:6b",
                "network_id": "dvportgroup-102834",
                "physical_function": ""
              }
            ],
            "num_cores_per_socket": 1,
            "num_cpus": 2,
            "nvme_controller_scan_count": 1,
            "replace_trigger": null,
            "run_tools_scripts_after_power_on": true,
            "run_tools_scripts_after_resume": true,
            "run_tools_scripts_before_guest_reboot": false,
            "run_tools_scripts_before_guest_shutdown": true,
            "run_tools_scripts_before_guest_standby": true,
            "sata_controller_scan_count": 0,
            "scsi_bus_sharing": "noSharing",
            "scsi_controller_scan_count": 1,
            "scsi_type": "pvscsi",
            "storage_policy_id": null,
            "swap_placement_policy": "inherit",
            "sync_time_with_host": false,
            "sync_time_with_host_periodically": false,
            "tools_upgrade_policy": "manual",
            "uuid": "42079a51-3fc3-a8f9-5a0d-09491c323476",
            "vapp": null,
            "vapp_transport": [],
            "vbs_enabled": false,
            "vtpm": false,
            "vvtd_enabled": false
          },
          "sensitive_attributes": [],
          "identity_schema_version": 0
        }
      ]
    },
    {
      "mode": "managed",
      "type": "vsphere_virtual_machine",
      "name": "vm",
      "provider": "provider[\"registry.terraform.io/vmware/vsphere\"]",
      "instances": [
        {
          "index_key": "NewVM1",
          "schema_version": 3,
          "attributes": {
            "alternate_guest_name": "",
            "annotation": "839764158763361064a055383cbb3588",
            "boot_delay": 0,
            "boot_retry_delay": 10000,
            "boot_retry_enabled": false,
            "cdrom": [],
            "change_version": "2026-03-09T16:47:37.29286Z",
            "clone": [
              {
                "customization_spec": [],
                "customize": [],
                "linked_clone": false,
                "ovf_network_map": null,
                "ovf_storage_map": null,
                "template_uuid": "42079a51-3fc3-a8f9-5a0d-09491c323476",
                "timeout": 30
              }
            ],
            "cpu_hot_add_enabled": false,
            "cpu_hot_remove_enabled": false,
            "cpu_limit": -1,
            "cpu_performance_counters_enabled": false,
            "cpu_reservation": 0,
            "cpu_share_count": 4000,
            "cpu_share_level": "normal",
            "custom_attributes": null,
            "datacenter_id": null,
            "datastore_cluster_id": null,
            "datastore_id": "datastore-665",
            "default_ip_address": "10.0.50.227",
            "disk": [
              {
                "attach": false,
                "controller_type": "scsi",
                "datastore_id": "datastore-665",
                "device_address": "scsi:0:0",
                "disk_mode": "persistent",
                "disk_sharing": "sharingNone",
                "eagerly_scrub": false,
                "io_limit": -1,
                "io_reservation": 0,
                "io_share_count": 1000,
                "io_share_level": "normal",
                "keep_on_remove": false,
                "key": 2000,
                "label": "Hard disk 1",
                "path": "NewVM1/NewVM1_2.vmdk",
                "size": 32,
                "storage_policy_id": "",
                "thin_provisioned": true,
                "unit_number": 0,
                "uuid": "6000C294-dde1-bfb8-944f-5a4d58d634f0",
                "write_through": false
              }
            ],
            "efi_secure_boot_enabled": false,
            "enable_disk_uuid": false,
            "enable_logging": false,
            "ept_rvi_mode": "automatic",
            "extra_config": null,
            "extra_config_reboot_required": true,
            "firmware": "efi",
            "folder": "Greg/redhat/terraform",
            "force_power_off": true,
            "guest_id": "rhel8_64Guest",
            "guest_ip_addresses": [
              "10.0.50.227",
              "fe80::250:56ff:fe87:cce9"
            ],
            "hardware_version": 14,
            "host_system_id": "host-16702",
            "hv_mode": "hvAuto",
            "id": "4207fc46-f7a5-db75-ccd1-3a022fb874a1",
            "ide_controller_count": 2,
            "ignored_guest_ips": null,
            "imported": null,
            "latency_sensitivity": "normal",
            "memory": 4096,
            "memory_hot_add_enabled": false,
            "memory_limit": -1,
            "memory_reservation": 0,
            "memory_reservation_locked_to_max": false,
            "memory_share_count": 40960,
            "memory_share_level": "normal",
            "migrate_wait_timeout": 30,
            "moid": "vm-152497",
            "name": "NewVM1",
            "nested_hv_enabled": false,
            "network_interface": [
              {
                "adapter_type": "vmxnet3",
                "bandwidth_limit": -1,
                "bandwidth_reservation": 0,
                "bandwidth_share_count": 50,
                "bandwidth_share_level": "normal",
                "device_address": "pci:0:7",
                "key": 4000,
                "mac_address": "00:50:56:87:cc:e9",
                "network_id": "dvportgroup-102835",
                "ovf_mapping": "",
                "physical_function": "",
                "use_static_mac": false
              }
            ],
            "num_cores_per_socket": 1,
            "num_cpus": 4,
            "nvme_controller_count": 0,
            "ovf_deploy": [],
            "pci_device_id": null,
            "power_state": "on",
            "poweron_timeout": 300,
            "reboot_required": false,
            "replace_trigger": null,
            "resource_pool_id": "resgroup-662",
            "run_tools_scripts_after_power_on": true,
            "run_tools_scripts_after_resume": true,
            "run_tools_scripts_before_guest_reboot": false,
            "run_tools_scripts_before_guest_shutdown": true,
            "run_tools_scripts_before_guest_standby": true,
            "sata_controller_count": 0,
            "scsi_bus_sharing": "noSharing",
            "scsi_controller_count": 1,
            "scsi_type": "pvscsi",
            "shutdown_wait_timeout": 3,
            "storage_policy_id": "",
            "swap_placement_policy": "inherit",
            "sync_time_with_host": false,
            "sync_time_with_host_periodically": false,
            "tags": null,
            "tools_upgrade_policy": "manual",
            "uuid": "4207fc46-f7a5-db75-ccd1-3a022fb874a1",
            "vapp": [],
            "vapp_transport": [],
            "vbs_enabled": false,
            "vmware_tools_status": "guestToolsRunning",
            "vmx_path": "NewVM1/NewVM1.vmx",
            "vtpm": [],
            "vvtd_enabled": false,
            "wait_for_guest_ip_timeout": 0,
            "wait_for_guest_net_routable": true,
            "wait_for_guest_net_timeout": 5
          },
          "sensitive_attributes": [],
          "identity_schema_version": 0,
          "private": "eyJzY2hlbWFfdmVyc2lvbiI6IjMifQ==",
          "dependencies": [
            "data.vsphere_compute_cluster.cluster",
            "data.vsphere_datacenter.dc",
            "data.vsphere_datastore.ds",
            "data.vsphere_network.networks",
            "data.vsphere_virtual_machine.templates"
          ]
        },
        {
          "index_key": "NewVM9",
          "schema_version": 3,
          "attributes": {
            "alternate_guest_name": "",
            "annotation": "54e3ac9d8723361064a055383cbb3542",
            "boot_delay": 0,
            "boot_retry_delay": 10000,
            "boot_retry_enabled": false,
            "cdrom": [],
            "change_version": "2026-03-09T16:47:02.158927Z",
            "clone": [
              {
                "customization_spec": [],
                "customize": [],
                "linked_clone": false,
                "ovf_network_map": {},
                "ovf_storage_map": {},
                "template_uuid": "42079a51-3fc3-a8f9-5a0d-09491c323476",
                "timeout": 30
              }
            ],
            "cpu_hot_add_enabled": false,
            "cpu_hot_remove_enabled": false,
            "cpu_limit": -1,
            "cpu_performance_counters_enabled": false,
            "cpu_reservation": 0,
            "cpu_share_count": 4000,
            "cpu_share_level": "normal",
            "custom_attributes": {},
            "datacenter_id": null,
            "datastore_cluster_id": null,
            "datastore_id": "datastore-665",
            "default_ip_address": "10.0.50.224",
            "disk": [
              {
                "attach": false,
                "controller_type": "scsi",
                "datastore_id": "datastore-665",
                "device_address": "scsi:0:0",
                "disk_mode": "persistent",
                "disk_sharing": "sharingNone",
                "eagerly_scrub": false,
                "io_limit": -1,
                "io_reservation": 0,
                "io_share_count": 1000,
                "io_share_level": "normal",
                "keep_on_remove": false,
                "key": 2000,
                "label": "Hard disk 1",
                "path": "NewVM9/NewVM9_2.vmdk",
                "size": 32,
                "storage_policy_id": "",
                "thin_provisioned": true,
                "unit_number": 0,
                "uuid": "6000C298-bafd-d39c-c75e-9498506501bc",
                "write_through": false
              }
            ],
            "efi_secure_boot_enabled": false,
            "enable_disk_uuid": false,
            "enable_logging": false,
            "ept_rvi_mode": "automatic",
            "extra_config": {},
            "extra_config_reboot_required": true,
            "firmware": "efi",
            "folder": "Greg/redhat/terraform",
            "force_power_off": true,
            "guest_id": "rhel8_64Guest",
            "guest_ip_addresses": [
              "10.0.50.224",
              "fe80::250:56ff:fe87:3b76"
            ],
            "hardware_version": 14,
            "host_system_id": "host-763",
            "hv_mode": "hvAuto",
            "id": "420766fd-ecd6-b3f2-3400-48efc07a2941",
            "ide_controller_count": 2,
            "ignored_guest_ips": null,
            "imported": null,
            "latency_sensitivity": "normal",
            "memory": 4096,
            "memory_hot_add_enabled": false,
            "memory_limit": -1,
            "memory_reservation": 0,
            "memory_reservation_locked_to_max": false,
            "memory_share_count": 40960,
            "memory_share_level": "normal",
            "migrate_wait_timeout": 30,
            "moid": "vm-152496",
            "name": "NewVM9",
            "nested_hv_enabled": false,
            "network_interface": [
              {
                "adapter_type": "vmxnet3",
                "bandwidth_limit": -1,
                "bandwidth_reservation": 0,
                "bandwidth_share_count": 50,
                "bandwidth_share_level": "normal",
                "device_address": "pci:0:7",
                "key": 4000,
                "mac_address": "00:50:56:87:3b:76",
                "network_id": "dvportgroup-102835",
                "ovf_mapping": "",
                "physical_function": "",
                "use_static_mac": false
              }
            ],
            "num_cores_per_socket": 1,
            "num_cpus": 4,
            "nvme_controller_count": 0,
            "ovf_deploy": [],
            "pci_device_id": [],
            "power_state": "on",
            "poweron_timeout": 300,
            "reboot_required": false,
            "replace_trigger": null,
            "resource_pool_id": "resgroup-662",
            "run_tools_scripts_after_power_on": true,
            "run_tools_scripts_after_resume": true,
            "run_tools_scripts_before_guest_reboot": false,
            "run_tools_scripts_before_guest_shutdown": true,
            "run_tools_scripts_before_guest_standby": true,
            "sata_controller_count": 0,
            "scsi_bus_sharing": "noSharing",
            "scsi_controller_count": 1,
            "scsi_type": "pvscsi",
            "shutdown_wait_timeout": 3,
            "storage_policy_id": "",
            "swap_placement_policy": "inherit",
            "sync_time_with_host": false,
            "sync_time_with_host_periodically": false,
            "tags": [],
            "tools_upgrade_policy": "manual",
            "uuid": "420766fd-ecd6-b3f2-3400-48efc07a2941",
            "vapp": [],
            "vapp_transport": [],
            "vbs_enabled": false,
            "vmware_tools_status": "guestToolsRunning",
            "vmx_path": "NewVM9/NewVM9.vmx",
            "vtpm": [],
            "vvtd_enabled": false,
            "wait_for_guest_ip_timeout": 0,
            "wait_for_guest_net_routable": true,
            "wait_for_guest_net_timeout": 5
          },
          "sensitive_attributes": [],
          "identity_schema_version": 0,
          "private": "eyJzY2hlbWFfdmVyc2lvbiI6IjMifQ==",
          "dependencies": [
            "data.vsphere_compute_cluster.cluster",
            "data.vsphere_datacenter.dc",
            "data.vsphere_datastore.ds",
            "data.vsphere_network.networks",
            "data.vsphere_virtual_machine.templates"
          ]
        }
      ]
    }
  ],
  "check_results": null
}
